{
  "nodes": {
    "home-manager": {
      "inputs": {
        "nixpkgs": [
          "nixpkgs"
        ]
      },
      "locked": {
        "lastModified": 1747556831,
        "narHash": "sha256-Qb84nbYFFk0DzFeqVoHltS2RodAYY5/HZQKE8WnBDsc=",
        "owner": "rycee",
        "repo": "home-manager",
        "rev": "d0bbd221482c2713cccb80220f3c9d16a6e20a33",
        "type": "github"
      },
      "original": {
        "owner": "rycee",
        "ref": "release-25.05",
        "repo": "home-manager",
        "type": "github"
      }
    },
    "nixos-hardware": {
      "locked": {
        "lastModified": 1746814339,
        "narHash": "sha256-hf2lICJzwACWuzHCmZn5NI6LUAOgGdR1yh8ip+duyhk=",
        "owner": "NixOS",
        "repo": "nixos-hardware",
        "rev": "3c5e12673265dfb0de3d9121420c0c2153bf21e0",
        "type": "github"
      },
      "original": {
        "owner": "NixOS",
        "repo": "nixos-hardware",
        "type": "github"
      }
    },
    "nixpkgs": {
      "locked": {
        "lastModified": 1747953325,
        "narHash": "sha256-y2ZtlIlNTuVJUZCqzZAhIw5rrKP4DOSklev6c8PyCkQ=",
        "owner": "NixOS",
        "repo": "nixpkgs",
        "rev": "55d1f923c480dadce40f5231feb472e81b0bab48",
        "type": "github"
      },
      "original": {
        "owner": "NixOS",
        "ref": "nixos-25.05",
        "repo": "nixpkgs",
        "type": "github"
      }
    },
    "root": {
      "inputs": {
        "home-manager": "home-manager",
        "nixos-hardware": "nixos-hardware",
        "nixpkgs": "nixpkgs",
        "unstable": "unstable",
        "zsh-auto-notify": "zsh-auto-notify"
      }
    },
    "unstable": {
      "locked": {
        "lastModified": 1746904237,
        "narHash": "sha256-3e+AVBczosP5dCLQmMoMEogM57gmZ2qrVSrmq9aResQ=",
        "owner": "NixOS",
        "repo": "nixpkgs",
        "rev": "d89fc19e405cb2d55ce7cc114356846a0ee5e956",
        "type": "github"
      },
      "original": {
        "owner": "NixOS",
        "ref": "nixos-unstable",
        "repo": "nixpkgs",
        "type": "github"
      }
    },
    "zsh-auto-notify": {
      "flake": false,
      "locked": {
        "lastModified": 1745323283,
        "narHash": "sha256-8r5RsyldJIzlWr9+G8lrkHvJ8KxTVO859M//wDnYOUY=",
        "owner": "MichaelAquilina",
        "repo": "zsh-auto-notify",
        "rev": "cac2c193d9f227c99178ca7cf9e25152a36dd4ac",
        "type": "github"
      },
      "original": {
        "owner": "MichaelAquilina",
        "repo": "zsh-auto-notify",
        "type": "github"
      }
    }
  },
  "root": "root",
  "version": 7
}
