{
  "nodes": {
    "home-manager": {
      "inputs": {
        "nixpkgs": [
          "nixpkgs"
        ]
      },
      "locked": {
        "lastModified": 1630076227,
        "narHash": "sha256-p3YdtqSPLnMudWsLMgd6XMEhQKB2oz1hvDkHtOlz5/Q=",
        "owner": "rycee",
        "repo": "home-manager",
        "rev": "f5adb9be829f487f99bcc0f1884f74ddb85f70c8",
        "type": "github"
      },
      "original": {
        "owner": "rycee",
        "ref": "release-21.05",
        "repo": "home-manager",
        "type": "github"
      }
    },
    "lowdown-src": {
      "flake": false,
      "locked": {
        "lastModified": 1628247802,
        "narHash": "sha256-4XSXGYvKqogR7bubyqYNwBHYCtrIn6XRGXj6+u+BXNs=",
        "owner": "kristapsdz",
        "repo": "lowdown",
        "rev": "b4483d0ef85990f54b864158ab786b4a5b3904fa",
        "type": "github"
      },
      "original": {
        "owner": "kristapsdz",
        "ref": "VERSION_0_8_6",
        "repo": "lowdown",
        "type": "github"
      }
    },
    "nix": {
      "inputs": {
        "lowdown-src": "lowdown-src",
        "nixpkgs": "nixpkgs"
      },
      "locked": {
        "lastModified": 1631729903,
        "narHash": "sha256-ulQg4JnnOMrRA3llwaHUByzRz2qtJ+8fe3A22iy9PZ4=",
        "owner": "NixOS",
        "repo": "nix",
        "rev": "1ec4efa6c82fb6d90887c21aa7c7c6f3c644dd65",
        "type": "github"
      },
      "original": {
        "owner": "NixOS",
        "repo": "nix",
        "type": "github"
      }
    },
    "nix-ld": {
      "inputs": {
        "nixpkgs": [
          "nixpkgs"
        ],
        "utils": "utils"
      },
      "locked": {
        "lastModified": 1619081966,
        "narHash": "sha256-QYPg8wPpq7q5Xd1jW17Lh36iKFSsVkN/gWYoQRv2XoU=",
        "owner": "Mic92",
        "repo": "nix-ld",
        "rev": "cac5bd577da26aefdabc742340a156414ac08890",
        "type": "github"
      },
      "original": {
        "owner": "Mic92",
        "repo": "nix-ld",
        "type": "github"
      }
    },
    "nixos-hardware": {
      "locked": {
        "lastModified": 1629975021,
        "narHash": "sha256-+z4pK5yvoIKAIPGnyxt7I7Y9yX72HFP2krppGENpn6I=",
        "owner": "NixOS",
        "repo": "nixos-hardware",
        "rev": "342048461da7fc743e588ee744080c045613a226",
        "type": "github"
      },
      "original": {
        "owner": "NixOS",
        "repo": "nixos-hardware",
        "type": "github"
      }
    },
    "nixpkgs": {
      "locked": {
        "lastModified": 1628689438,
        "narHash": "sha256-YMINW6YmubHZVdliGsAJpnnMYXRrvppv59LgwtnyYhs=",
        "owner": "NixOS",
        "repo": "nixpkgs",
        "rev": "f6551e1efa261568c82b76c3a582b2c2ceb1f53f",
        "type": "github"
      },
      "original": {
        "id": "nixpkgs",
        "ref": "nixos-21.05-small",
        "type": "indirect"
      }
    },
    "nixpkgs_2": {
      "locked": {
        "lastModified": 1630076329,
        "narHash": "sha256-mkxPL5pXZv8cfHgjSW0oWfZRGSSlGwXy/7KR+2Mgf3M=",
        "owner": "NixOS",
        "repo": "nixpkgs",
        "rev": "74d017edb6717ad76d38edc02ad3210d4ad66b96",
        "type": "github"
      },
      "original": {
        "owner": "NixOS",
        "ref": "nixos-21.05",
        "repo": "nixpkgs",
        "type": "github"
      }
    },
    "root": {
      "inputs": {
        "home-manager": "home-manager",
        "nix": "nix",
        "nix-ld": "nix-ld",
        "nixos-hardware": "nixos-hardware",
        "nixpkgs": "nixpkgs_2",
        "unstable": "unstable"
      }
    },
    "unstable": {
      "locked": {
        "lastModified": 1630074300,
        "narHash": "sha256-BFM7OiXRs0RvSUZd6NCGAKWVPn3VodgYQ4TUQXxbMBU=",
        "owner": "NixOS",
        "repo": "nixpkgs",
        "rev": "21c937f8cb1e6adcfeb36dfd6c90d9d9bfab1d28",
        "type": "github"
      },
      "original": {
        "owner": "NixOS",
        "ref": "nixos-unstable",
        "repo": "nixpkgs",
        "type": "github"
      }
    },
    "utils": {
      "locked": {
        "lastModified": 1610051610,
        "narHash": "sha256-U9rPz/usA1/Aohhk7Cmc2gBrEEKRzcW4nwPWMPwja4Y=",
        "owner": "numtide",
        "repo": "flake-utils",
        "rev": "3982c9903e93927c2164caa727cd3f6a0e6d14cc",
        "type": "github"
      },
      "original": {
        "owner": "numtide",
        "repo": "flake-utils",
        "type": "github"
      }
    }
  },
  "root": "root",
  "version": 7
}
